
Microsoft Visual Studio Solution File, Format Version 12.00
# Visual Studio 15
VisualStudioVersion = 15.0.27703.2035
MinimumVisualStudioVersion = 10.0.40219.1
Project("{FAE04EC0-301F-11D3-BF4B-00C04F79EFBC}") = "BusinessLayer", "BusinessLayer\BusinessLayer.csproj", "{9BB0C313-D353-459B-987D-BB8C2A7F7CCB}"
EndProject
Project("{FAE04EC0-301F-11D3-BF4B-00C04F79EFBC}") = "Domain", "Domain\Domain.csproj", "{96E6F326-7EC4-4E82-A577-3914CACABAE8}"
EndProject
Global
	GlobalSection(SolutionConfigurationPlatforms) = preSolution
		Debug|Any CPU = Debug|Any CPU
		Release|Any CPU = Release|Any CPU
	EndGlobalSection
	GlobalSection(ProjectConfigurationPlatforms) = postSolution
		{9BB0C313-D353-459B-987D-BB8C2A7F7CCB}.Debug|Any CPU.ActiveCfg = Debug|Any CPU
		{9BB0C313-D353-459B-987D-BB8C2A7F7CCB}.Debug|Any CPU.Build.0 = Debug|Any CPU
		{9BB0C313-D353-459B-987D-BB8C2A7F7CCB}.Release|Any CPU.ActiveCfg = Release|Any CPU
		{9BB0C313-D353-459B-987D-BB8C2A7F7CCB}.Release|Any CPU.Build.0 = Release|Any CPU
		{96E6F326-7EC4-4E82-A577-3914CACABAE8}.Debug|Any CPU.ActiveCfg = Debug|Any CPU
		{96E6F326-7EC4-4E82-A577-3914CACABAE8}.Debug|Any CPU.Build.0 = Debug|Any CPU
		{96E6F326-7EC4-4E82-A577-3914CACABAE8}.Release|Any CPU.ActiveCfg = Release|Any CPU
		{96E6F326-7EC4-4E82-A577-3914CACABAE8}.Release|Any CPU.Build.0 = Release|Any CPU
	EndGlobalSection
	GlobalSection(SolutionProperties) = preSolution
		HideSolutionNode = FALSE
	EndGlobalSection
	GlobalSection(ExtensibilityGlobals) = postSolution
		SolutionGuid = {1E5C3379-A120-4D28-99A0-7513C5E58C94}
	EndGlobalSection
EndGlobal
